
Microsoft Visual Studio Solution File, Format Version 12.00
# Visual Studio Version 17
VisualStudioVersion = 17.6.33801.468
MinimumVisualStudioVersion = 10.0.40219.1
Project("{FAE04EC0-301F-11D3-BF4B-00C04F79EFBC}") = "TelegramBotDemo", "TelegramBotDemo\TelegramBotDemo.csproj", "{41718A26-56E5-4B0A-857E-C9BDDB82C330}"
EndProject
Global
	GlobalSection(SolutionConfigurationPlatforms) = preSolution
		Debug|Any CPU = Debug|Any CPU
		Release|Any CPU = Release|Any CPU
	EndGlobalSection
	GlobalSection(ProjectConfigurationPlatforms) = postSolution
		{41718A26-56E5-4B0A-857E-C9BDDB82C330}.Debug|Any CPU.ActiveCfg = Debug|Any CPU
		{41718A26-56E5-4B0A-857E-C9BDDB82C330}.Debug|Any CPU.Build.0 = Debug|Any CPU
		{41718A26-56E5-4B0A-857E-C9BDDB82C330}.Release|Any CPU.ActiveCfg = Release|Any CPU
		{41718A26-56E5-4B0A-857E-C9BDDB82C330}.Release|Any CPU.Build.0 = Release|Any CPU
	EndGlobalSection
	GlobalSection(SolutionProperties) = preSolution
		HideSolutionNode = FALSE
	EndGlobalSection
	GlobalSection(ExtensibilityGlobals) = postSolution
		SolutionGuid = {89EFBB5F-F3CF-4A63-A79A-BBAD8CD39C8A}
	EndGlobalSection
EndGlobal
